
Microsoft Visual Studio Solution File, Format Version 12.00
# Visual Studio Version 17
VisualStudioVersion = 17.7.34221.43
MinimumVisualStudioVersion = 10.0.40219.1
Project("{FAE04EC0-301F-11D3-BF4B-00C04F79EFBC}") = "ConsoleAppStudent", "ConsoleAppStudent\ConsoleAppStudent.csproj", "{56DFD695-3B8A-4501-9DEE-766C3AD14E56}"
EndProject
Global
	GlobalSection(SolutionConfigurationPlatforms) = preSolution
		Debug|Any CPU = Debug|Any CPU
		Release|Any CPU = Release|Any CPU
	EndGlobalSection
	GlobalSection(ProjectConfigurationPlatforms) = postSolution
		{56DFD695-3B8A-4501-9DEE-766C3AD14E56}.Debug|Any CPU.ActiveCfg = Debug|Any CPU
		{56DFD695-3B8A-4501-9DEE-766C3AD14E56}.Debug|Any CPU.Build.0 = Debug|Any CPU
		{56DFD695-3B8A-4501-9DEE-766C3AD14E56}.Release|Any CPU.ActiveCfg = Release|Any CPU
		{56DFD695-3B8A-4501-9DEE-766C3AD14E56}.Release|Any CPU.Build.0 = Release|Any CPU
	EndGlobalSection
	GlobalSection(SolutionProperties) = preSolution
		HideSolutionNode = FALSE
	EndGlobalSection
	GlobalSection(ExtensibilityGlobals) = postSolution
		SolutionGuid = {54658A5C-D37E-489B-B86F-6316171094E8}
	EndGlobalSection
EndGlobal
