
Microsoft Visual Studio Solution File, Format Version 12.00
# Visual Studio Version 17
VisualStudioVersion = 17.7.34031.279
MinimumVisualStudioVersion = 10.0.40219.1
Project("{FAE04EC0-301F-11D3-BF4B-00C04F79EFBC}") = "ConsoleApp3", "ConsoleApp3\ConsoleApp3.csproj", "{1108E88F-572C-46E3-9289-5C549045EEAB}"
EndProject
Global
	GlobalSection(SolutionConfigurationPlatforms) = preSolution
		Debug|Any CPU = Debug|Any CPU
		Release|Any CPU = Release|Any CPU
	EndGlobalSection
	GlobalSection(ProjectConfigurationPlatforms) = postSolution
		{1108E88F-572C-46E3-9289-5C549045EEAB}.Debug|Any CPU.ActiveCfg = Debug|Any CPU
		{1108E88F-572C-46E3-9289-5C549045EEAB}.Debug|Any CPU.Build.0 = Debug|Any CPU
		{1108E88F-572C-46E3-9289-5C549045EEAB}.Release|Any CPU.ActiveCfg = Release|Any CPU
		{1108E88F-572C-46E3-9289-5C549045EEAB}.Release|Any CPU.Build.0 = Release|Any CPU
	EndGlobalSection
	GlobalSection(SolutionProperties) = preSolution
		HideSolutionNode = FALSE
	EndGlobalSection
	GlobalSection(ExtensibilityGlobals) = postSolution
		SolutionGuid = {A7605681-42DA-492C-989B-7D8BD2A14D70}
	EndGlobalSection
EndGlobal
